// !$*UTF8*$!
{
	archiveVersion = 1;
	classes = {
	};
	objectVersion = 50;
	objects = {

/* Begin PBXBuildFile section */
		F22FB91A240639AB000E2BD7 /* AppDelegate.swift in Sources */ = {isa = PBXBuildFile; fileRef = F22FB919240639AB000E2BD7 /* AppDelegate.swift */; };
		F22FB91E240639AB000E2BD7 /* ViewController.swift in Sources */ = {isa = PBXBuildFile; fileRef = F22FB91D240639AB000E2BD7 /* ViewController.swift */; };
		F22FB921240639AB000E2BD7 /* Main.storyboard in Resources */ = {isa = PBXBuildFile; fileRef = F22FB91F240639AB000E2BD7 /* Main.storyboard */; };
		F22FB923240639AC000E2BD7 /* Assets.xcassets in Resources */ = {isa = PBXBuildFile; fileRef = F22FB922240639AC000E2BD7 /* Assets.xcassets */; };
		F22FB926240639AC000E2BD7 /* LaunchScreen.storyboard in Resources */ = {isa = PBXBuildFile; fileRef = F22FB924240639AC000E2BD7 /* LaunchScreen.storyboard */; };
		F22FB93924063C2E000E2BD7 /* ToDoPresenter.swift in Sources */ = {isa = PBXBuildFile; fileRef = F22FB93824063C2E000E2BD7 /* ToDoPresenter.swift */; };
		F22FB93B24063CEC000E2BD7 /* Task.swift in Sources */ = {isa = PBXBuildFile; fileRef = F22FB93A24063CEC000E2BD7 /* Task.swift */; };
		F22FB93E24063CF7000E2BD7 /* ToDoTableViewCell.swift in Sources */ = {isa = PBXBuildFile; fileRef = F22FB93C24063CF7000E2BD7 /* ToDoTableViewCell.swift */; };
		F22FB93F24063CF7000E2BD7 /* ToDoTableViewCell.xib in Resources */ = {isa = PBXBuildFile; fileRef = F22FB93D24063CF7000E2BD7 /* ToDoTableViewCell.xib */; };
		F22FB94424063D32000E2BD7 /* RealmSwift.framework in Frameworks */ = {isa = PBXBuildFile; fileRef = F22FB94224063D32000E2BD7 /* RealmSwift.framework */; };
		F22FB94524063D32000E2BD7 /* RealmSwift.framework in Embed Frameworks */ = {isa = PBXBuildFile; fileRef = F22FB94224063D32000E2BD7 /* RealmSwift.framework */; settings = {ATTRIBUTES = (CodeSignOnCopy, RemoveHeadersOnCopy, ); }; };
		F22FB94624063D32000E2BD7 /* Realm.framework in Frameworks */ = {isa = PBXBuildFile; fileRef = F22FB94324063D32000E2BD7 /* Realm.framework */; };
		F22FB94724063D32000E2BD7 /* Realm.framework in Embed Frameworks */ = {isa = PBXBuildFile; fileRef = F22FB94324063D32000E2BD7 /* Realm.framework */; settings = {ATTRIBUTES = (CodeSignOnCopy, RemoveHeadersOnCopy, ); }; };
/* End PBXBuildFile section */

/* Begin PBXCopyFilesBuildPhase section */
		F22FB94824063D32000E2BD7 /* Embed Frameworks */ = {
			isa = PBXCopyFilesBuildPhase;
			buildActionMask = 2147483647;
			dstPath = "";
			dstSubfolderSpec = 10;
			files = (
				F22FB94724063D32000E2BD7 /* Realm.framework in Embed Frameworks */,
				F22FB94524063D32000E2BD7 /* RealmSwift.framework in Embed Frameworks */,
			);
			name = "Embed Frameworks";
			runOnlyForDeploymentPostprocessing = 0;
		};
/* End PBXCopyFilesBuildPhase section */

/* Begin PBXFileReference section */
		F22FB916240639AB000E2BD7 /* TODO-MVP.app */ = {isa = PBXFileReference; explicitFileType = wrapper.application; includeInIndex = 0; path = "TODO-MVP.app"; sourceTree = BUILT_PRODUCTS_DIR; };
		F22FB919240639AB000E2BD7 /* AppDelegate.swift */ = {isa = PBXFileReference; lastKnownFileType = sourcecode.swift; path = AppDelegate.swift; sourceTree = "<group>"; };
		F22FB91D240639AB000E2BD7 /* ViewController.swift */ = {isa = PBXFileReference; lastKnownFileType = sourcecode.swift; path = ViewController.swift; sourceTree = "<group>"; };
		F22FB920240639AB000E2BD7 /* Base */ = {isa = PBXFileReference; lastKnownFileType = file.storyboard; name = Base; path = Base.lproj/Main.storyboard; sourceTree = "<group>"; };
		F22FB922240639AC000E2BD7 /* Assets.xcassets */ = {isa = PBXFileReference; lastKnownFileType = folder.assetcatalog; path = Assets.xcassets; sourceTree = "<group>"; };
		F22FB925240639AC000E2BD7 /* Base */ = {isa = PBXFileReference; lastKnownFileType = file.storyboard; name = Base; path = Base.lproj/LaunchScreen.storyboard; sourceTree = "<group>"; };
		F22FB927240639AC000E2BD7 /* Info.plist */ = {isa = PBXFileReference; lastKnownFileType = text.plist.xml; path = Info.plist; sourceTree = "<group>"; };
		F22FB93824063C2E000E2BD7 /* ToDoPresenter.swift */ = {isa = PBXFileReference; lastKnownFileType = sourcecode.swift; path = ToDoPresenter.swift; sourceTree = "<group>"; };
		F22FB93A24063CEC000E2BD7 /* Task.swift */ = {isa = PBXFileReference; fileEncoding = 4; lastKnownFileType = sourcecode.swift; path = Task.swift; sourceTree = "<group>"; };
		F22FB93C24063CF7000E2BD7 /* ToDoTableViewCell.swift */ = {isa = PBXFileReference; fileEncoding = 4; lastKnownFileType = sourcecode.swift; path = ToDoTableViewCell.swift; sourceTree = "<group>"; };
		F22FB93D24063CF7000E2BD7 /* ToDoTableViewCell.xib */ = {isa = PBXFileReference; fileEncoding = 4; lastKnownFileType = file.xib; path = ToDoTableViewCell.xib; sourceTree = "<group>"; };
		F22FB94224063D32000E2BD7 /* RealmSwift.framework */ = {isa = PBXFileReference; lastKnownFileType = wrapper.framework; name = RealmSwift.framework; path = Carthage/Build/iOS/RealmSwift.framework; sourceTree = "<group>"; };
		F22FB94324063D32000E2BD7 /* Realm.framework */ = {isa = PBXFileReference; lastKnownFileType = wrapper.framework; name = Realm.framework; path = Carthage/Build/iOS/Realm.framework; sourceTree = "<group>"; };
/* End PBXFileReference section */

/* Begin PBXFrameworksBuildPhase section */
		F22FB913240639AB000E2BD7 /* Frameworks */ = {
			isa = PBXFrameworksBuildPhase;
			buildActionMask = 2147483647;
			files = (
				F22FB94624063D32000E2BD7 /* Realm.framework in Frameworks */,
				F22FB94424063D32000E2BD7 /* RealmSwift.framework in Frameworks */,
			);
			runOnlyForDeploymentPostprocessing = 0;
		};
/* End PBXFrameworksBuildPhase section */

/* Begin PBXGroup section */
		F22FB90D240639AB000E2BD7 = {
			isa = PBXGroup;
			children = (
				F22FB918240639AB000E2BD7 /* TODO-MVP */,
				F22FB917240639AB000E2BD7 /* Products */,
				F22FB94124063D32000E2BD7 /* Frameworks */,
			);
			sourceTree = "<group>";
		};
		F22FB917240639AB000E2BD7 /* Products */ = {
			isa = PBXGroup;
			children = (
				F22FB916240639AB000E2BD7 /* TODO-MVP.app */,
			);
			name = Products;
			sourceTree = "<group>";
		};
		F22FB918240639AB000E2BD7 /* TODO-MVP */ = {
			isa = PBXGroup;
			children = (
				F22FB93024063AF6000E2BD7 /* Model */,
				F22FB92F24063AF1000E2BD7 /* Presenter */,
				F22FB92E24063AED000E2BD7 /* View */,
				F22FB92D24063AE0000E2BD7 /* Support */,
				F22FB919240639AB000E2BD7 /* AppDelegate.swift */,
			);
			path = "TODO-MVP";
			sourceTree = "<group>";
		};
		F22FB92D24063AE0000E2BD7 /* Support */ = {
			isa = PBXGroup;
			children = (
				F22FB922240639AC000E2BD7 /* Assets.xcassets */,
				F22FB924240639AC000E2BD7 /* LaunchScreen.storyboard */,
				F22FB927240639AC000E2BD7 /* Info.plist */,
			);
			path = Support;
			sourceTree = "<group>";
		};
		F22FB92E24063AED000E2BD7 /* View */ = {
			isa = PBXGroup;
			children = (
				F22FB93124063B05000E2BD7 /* Cell */,
				F22FB91D240639AB000E2BD7 /* ViewController.swift */,
				F22FB91F240639AB000E2BD7 /* Main.storyboard */,
			);
			path = View;
			sourceTree = "<group>";
		};
		F22FB92F24063AF1000E2BD7 /* Presenter */ = {
			isa = PBXGroup;
			children = (
				F22FB93824063C2E000E2BD7 /* ToDoPresenter.swift */,
			);
			path = Presenter;
			sourceTree = "<group>";
		};
		F22FB93024063AF6000E2BD7 /* Model */ = {
			isa = PBXGroup;
			children = (
				F22FB93A24063CEC000E2BD7 /* Task.swift */,
			);
			path = Model;
			sourceTree = "<group>";
		};
		F22FB93124063B05000E2BD7 /* Cell */ = {
			isa = PBXGroup;
			children = (
				F22FB93C24063CF7000E2BD7 /* ToDoTableViewCell.swift */,
				F22FB93D24063CF7000E2BD7 /* ToDoTableViewCell.xib */,
			);
			path = Cell;
			sourceTree = "<group>";
		};
		F22FB94124063D32000E2BD7 /* Frameworks */ = {
			isa = PBXGroup;
			children = (
				F22FB94324063D32000E2BD7 /* Realm.framework */,
				F22FB94224063D32000E2BD7 /* RealmSwift.framework */,
			);
			name = Frameworks;
			sourceTree = "<group>";
		};
/* End PBXGroup section */

/* Begin PBXNativeTarget section */
		F22FB915240639AB000E2BD7 /* TODO-MVP */ = {
			isa = PBXNativeTarget;
			buildConfigurationList = F22FB92A240639AC000E2BD7 /* Build configuration list for PBXNativeTarget "TODO-MVP" */;
			buildPhases = (
				F22FB912240639AB000E2BD7 /* Sources */,
				F22FB913240639AB000E2BD7 /* Frameworks */,
				F22FB914240639AB000E2BD7 /* Resources */,
				F22FB94024063D14000E2BD7 /* ShellScript */,
				F22FB94824063D32000E2BD7 /* Embed Frameworks */,
			);
			buildRules = (
			);
			dependencies = (
			);
			name = "TODO-MVP";
			productName = "TODO-MVP";
			productReference = F22FB916240639AB000E2BD7 /* TODO-MVP.app */;
			productType = "com.apple.product-type.application";
		};
/* End PBXNativeTarget section */

/* Begin PBXProject section */
		F22FB90E240639AB000E2BD7 /* Project object */ = {
			isa = PBXProject;
			attributes = {
				LastSwiftUpdateCheck = 1140;
				LastUpgradeCheck = 1140;
				ORGANIZATIONNAME = yochidros;
				TargetAttributes = {
					F22FB915240639AB000E2BD7 = {
						CreatedOnToolsVersion = 11.4;
					};
				};
			};
			buildConfigurationList = F22FB911240639AB000E2BD7 /* Build configuration list for PBXProject "TODO-MVP" */;
			compatibilityVersion = "Xcode 9.3";
			developmentRegion = en;
			hasScannedForEncodings = 0;
			knownRegions = (
				en,
				Base,
			);
			mainGroup = F22FB90D240639AB000E2BD7;
			productRefGroup = F22FB917240639AB000E2BD7 /* Products */;
			projectDirPath = "";
			projectRoot = "";
			targets = (
				F22FB915240639AB000E2BD7 /* TODO-MVP */,
			);
		};
/* End PBXProject section */

/* Begin PBXResourcesBuildPhase section */
		F22FB914240639AB000E2BD7 /* Resources */ = {
			isa = PBXResourcesBuildPhase;
			buildActionMask = 2147483647;
			files = (
				F22FB926240639AC000E2BD7 /* LaunchScreen.storyboard in Resources */,
				F22FB923240639AC000E2BD7 /* Assets.xcassets in Resources */,
				F22FB921240639AB000E2BD7 /* Main.storyboard in Resources */,
				F22FB93F24063CF7000E2BD7 /* ToDoTableViewCell.xib in Resources */,
			);
			runOnlyForDeploymentPostprocessing = 0;
		};
/* End PBXResourcesBuildPhase section */

/* Begin PBXShellScriptBuildPhase section */
		F22FB94024063D14000E2BD7 /* ShellScript */ = {
			isa = PBXShellScriptBuildPhase;
			buildActionMask = 2147483647;
			files = (
			);
			inputFileListPaths = (
			);
			inputPaths = (
				"$(SRCROOT)/Carthage/Build/iOS/Realm.framework",
				"$(SRCROOT)/Carthage/Build/iOS/RealmSwift.framework",
			);
			outputFileListPaths = (
			);
			outputPaths = (
			);
			runOnlyForDeploymentPostprocessing = 0;
			shellPath = /bin/sh;
			shellScript = "/usr/local/bin/carthage copy-frameworks\n";
		};
/* End PBXShellScriptBuildPhase section */

/* Begin PBXSourcesBuildPhase section */
		F22FB912240639AB000E2BD7 /* Sources */ = {
			isa = PBXSourcesBuildPhase;
			buildActionMask = 2147483647;
			files = (
				F22FB93B24063CEC000E2BD7 /* Task.swift in Sources */,
				F22FB91E240639AB000E2BD7 /* ViewController.swift in Sources */,
				F22FB93924063C2E000E2BD7 /* ToDoPresenter.swift in Sources */,
				F22FB91A240639AB000E2BD7 /* AppDelegate.swift in Sources */,
				F22FB93E24063CF7000E2BD7 /* ToDoTableViewCell.swift in Sources */,
			);
			runOnlyForDeploymentPostprocessing = 0;
		};
/* End PBXSourcesBuildPhase section */

/* Begin PBXVariantGroup section */
		F22FB91F240639AB000E2BD7 /* Main.storyboard */ = {
			isa = PBXVariantGroup;
			children = (
				F22FB920240639AB000E2BD7 /* Base */,
			);
			name = Main.storyboard;
			sourceTree = "<group>";
		};
		F22FB924240639AC000E2BD7 /* LaunchScreen.storyboard */ = {
			isa = PBXVariantGroup;
			children = (
				F22FB925240639AC000E2BD7 /* Base */,
			);
			name = LaunchScreen.storyboard;
			sourceTree = "<group>";
		};
/* End PBXVariantGroup section */

/* Begin XCBuildConfiguration section */
		F22FB928240639AC000E2BD7 /* Debug */ = {
			isa = XCBuildConfiguration;
			buildSettings = {
				ALWAYS_SEARCH_USER_PATHS = NO;
				CLANG_ANALYZER_NONNULL = YES;
				CLANG_ANALYZER_NUMBER_OBJECT_CONVERSION = YES_AGGRESSIVE;
				CLANG_CXX_LANGUAGE_STANDARD = "gnu++14";
				CLANG_CXX_LIBRARY = "libc++";
				CLANG_ENABLE_MODULES = YES;
				CLANG_ENABLE_OBJC_ARC = YES;
				CLANG_ENABLE_OBJC_WEAK = YES;
				CLANG_WARN_BLOCK_CAPTURE_AUTORELEASING = YES;
				CLANG_WARN_BOOL_CONVERSION = YES;
				CLANG_WARN_COMMA = YES;
				CLANG_WARN_CONSTANT_CONVERSION = YES;
				CLANG_WARN_DEPRECATED_OBJC_IMPLEMENTATIONS = YES;
				CLANG_WARN_DIRECT_OBJC_ISA_USAGE = YES_ERROR;
				CLANG_WARN_DOCUMENTATION_COMMENTS = YES;
				CLANG_WARN_EMPTY_BODY = YES;
				CLANG_WARN_ENUM_CONVERSION = YES;
				CLANG_WARN_INFINITE_RECURSION = YES;
				CLANG_WARN_INT_CONVERSION = YES;
				CLANG_WARN_NON_LITERAL_NULL_CONVERSION = YES;
				CLANG_WARN_OBJC_IMPLICIT_RETAIN_SELF = YES;
				CLANG_WARN_OBJC_LITERAL_CONVERSION = YES;
				CLANG_WARN_OBJC_ROOT_CLASS = YES_ERROR;
				CLANG_WARN_RANGE_LOOP_ANALYSIS = YES;
				CLANG_WARN_STRICT_PROTOTYPES = YES;
				CLANG_WARN_SUSPICIOUS_MOVE = YES;
				CLANG_WARN_UNGUARDED_AVAILABILITY = YES_AGGRESSIVE;
				CLANG_WARN_UNREACHABLE_CODE = YES;
				CLANG_WARN__DUPLICATE_METHOD_MATCH = YES;
				COPY_PHASE_STRIP = NO;
				DEBUG_INFORMATION_FORMAT = dwarf;
				ENABLE_STRICT_OBJC_MSGSEND = YES;
				ENABLE_TESTABILITY = YES;
				GCC_C_LANGUAGE_STANDARD = gnu11;
				GCC_DYNAMIC_NO_PIC = NO;
				GCC_NO_COMMON_BLOCKS = YES;
				GCC_OPTIMIZATION_LEVEL = 0;
				GCC_PREPROCESSOR_DEFINITIONS = (
					"DEBUG=1",
					"$(inherited)",
				);
				GCC_WARN_64_TO_32_BIT_CONVERSION = YES;
				GCC_WARN_ABOUT_RETURN_TYPE = YES_ERROR;
				GCC_WARN_UNDECLARED_SELECTOR = YES;
				GCC_WARN_UNINITIALIZED_AUTOS = YES_AGGRESSIVE;
				GCC_WARN_UNUSED_FUNCTION = YES;
				GCC_WARN_UNUSED_VARIABLE = YES;
				IPHONEOS_DEPLOYMENT_TARGET = 11.0;
				MTL_ENABLE_DEBUG_INFO = INCLUDE_SOURCE;
				MTL_FAST_MATH = YES;
				ONLY_ACTIVE_ARCH = YES;
				SDKROOT = iphoneos;
				SWIFT_ACTIVE_COMPILATION_CONDITIONS = DEBUG;
				SWIFT_OPTIMIZATION_LEVEL = "-Onone";
			};
			name = Debug;
		};
		F22FB929240639AC000E2BD7 /* Release */ = {
			isa = XCBuildConfiguration;
			buildSettings = {
				ALWAYS_SEARCH_USER_PATHS = NO;
				CLANG_ANALYZER_NONNULL = YES;
				CLANG_ANALYZER_NUMBER_OBJECT_CONVERSION = YES_AGGRESSIVE;
				CLANG_CXX_LANGUAGE_STANDARD = "gnu++14";
				CLANG_CXX_LIBRARY = "libc++";
				CLANG_ENABLE_MODULES = YES;
				CLANG_ENABLE_OBJC_ARC = YES;
				CLANG_ENABLE_OBJC_WEAK = YES;
				CLANG_WARN_BLOCK_CAPTURE_AUTORELEASING = YES;
				CLANG_WARN_BOOL_CONVERSION = YES;
				CLANG_WARN_COMMA = YES;
				CLANG_WARN_CONSTANT_CONVERSION = YES;
				CLANG_WARN_DEPRECATED_OBJC_IMPLEMENTATIONS = YES;
				CLANG_WARN_DIRECT_OBJC_ISA_USAGE = YES_ERROR;
				CLANG_WARN_DOCUMENTATION_COMMENTS = YES;
				CLANG_WARN_EMPTY_BODY = YES;
				CLANG_WARN_ENUM_CONVERSION = YES;
				CLANG_WARN_INFINITE_RECURSION = YES;
				CLANG_WARN_INT_CONVERSION = YES;
				CLANG_WARN_NON_LITERAL_NULL_CONVERSION = YES;
				CLANG_WARN_OBJC_IMPLICIT_RETAIN_SELF = YES;
				CLANG_WARN_OBJC_LITERAL_CONVERSION = YES;
				CLANG_WARN_OBJC_ROOT_CLASS = YES_ERROR;
				CLANG_WARN_RANGE_LOOP_ANALYSIS = YES;
				CLANG_WARN_STRICT_PROTOTYPES = YES;
				CLANG_WARN_SUSPICIOUS_MOVE = YES;
				CLANG_WARN_UNGUARDED_AVAILABILITY = YES_AGGRESSIVE;
				CLANG_WARN_UNREACHABLE_CODE = YES;
				CLANG_WARN__DUPLICATE_METHOD_MATCH = YES;
				COPY_PHASE_STRIP = NO;
				DEBUG_INFORMATION_FORMAT = "dwarf-with-dsym";
				ENABLE_NS_ASSERTIONS = NO;
				ENABLE_STRICT_OBJC_MSGSEND = YES;
				GCC_C_LANGUAGE_STANDARD = gnu11;
				GCC_NO_COMMON_BLOCKS = YES;
				GCC_WARN_64_TO_32_BIT_CONVERSION = YES;
				GCC_WARN_ABOUT_RETURN_TYPE = YES_ERROR;
				GCC_WARN_UNDECLARED_SELECTOR = YES;
				GCC_WARN_UNINITIALIZED_AUTOS = YES_AGGRESSIVE;
				GCC_WARN_UNUSED_FUNCTION = YES;
				GCC_WARN_UNUSED_VARIABLE = YES;
				IPHONEOS_DEPLOYMENT_TARGET = 11.0;
				MTL_ENABLE_DEBUG_INFO = NO;
				MTL_FAST_MATH = YES;
				SDKROOT = iphoneos;
				SWIFT_COMPILATION_MODE = wholemodule;
				SWIFT_OPTIMIZATION_LEVEL = "-O";
				VALIDATE_PRODUCT = YES;
			};
			name = Release;
		};
		F22FB92B240639AC000E2BD7 /* Debug */ = {
			isa = XCBuildConfiguration;
			buildSettings = {
				ASSETCATALOG_COMPILER_APPICON_NAME = AppIcon;
				CODE_SIGN_STYLE = Automatic;
				DEVELOPMENT_TEAM = X25KZ54NYC;
				FRAMEWORK_SEARCH_PATHS = (
					"$(inherited)",
					"$(PROJECT_DIR)/Carthage/Build/iOS",
				);
				INFOPLIST_FILE = "$(SRCROOT)/TODO-MVP/Support/Info.plist";
				IPHONEOS_DEPLOYMENT_TARGET = 11.0;
				LD_RUNPATH_SEARCH_PATHS = (
					"$(inherited)",
					"@executable_path/Frameworks",
				);
				PRODUCT_BUNDLE_IDENTIFIER = "com.yochidros.TODO-MVP";
				PRODUCT_NAME = "$(TARGET_NAME)";
				SWIFT_VERSION = 5.0;
				TARGETED_DEVICE_FAMILY = "1,2";
			};
			name = Debug;
		};
		F22FB92C240639AC000E2BD7 /* Release */ = {
			isa = XCBuildConfiguration;
			buildSettings = {
				ASSETCATALOG_COMPILER_APPICON_NAME = AppIcon;
				CODE_SIGN_STYLE = Automatic;
				DEVELOPMENT_TEAM = X25KZ54NYC;
				FRAMEWORK_SEARCH_PATHS = (
					"$(inherited)",
					"$(PROJECT_DIR)/Carthage/Build/iOS",
				);
				INFOPLIST_FILE = "$(SRCROOT)/TODO-MVP/Support/Info.plist";
				IPHONEOS_DEPLOYMENT_TARGET = 11.0;
				LD_RUNPATH_SEARCH_PATHS = (
					"$(inherited)",
					"@executable_path/Frameworks",
				);
				PRODUCT_BUNDLE_IDENTIFIER = "com.yochidros.TODO-MVP";
				PRODUCT_NAME = "$(TARGET_NAME)";
				SWIFT_VERSION = 5.0;
				TARGETED_DEVICE_FAMILY = "1,2";
			};
			name = Release;
		};
/* End XCBuildConfiguration section */

/* Begin XCConfigurationList section */
		F22FB911240639AB000E2BD7 /* Build configuration list for PBXProject "TODO-MVP" */ = {
			isa = XCConfigurationList;
			buildConfigurations = (
				F22FB928240639AC000E2BD7 /* Debug */,
				F22FB929240639AC000E2BD7 /* Release */,
			);
			defaultConfigurationIsVisible = 0;
			defaultConfigurationName = Release;
		};
		F22FB92A240639AC000E2BD7 /* Build configuration list for PBXNativeTarget "TODO-MVP" */ = {
			isa = XCConfigurationList;
			buildConfigurations = (
				F22FB92B240639AC000E2BD7 /* Debug */,
				F22FB92C240639AC000E2BD7 /* Release */,
			);
			defaultConfigurationIsVisible = 0;
			defaultConfigurationName = Release;
		};
/* End XCConfigurationList section */
	};
	rootObject = F22FB90E240639AB000E2BD7 /* Project object */;
}
